
Microsoft Visual Studio Solution File, Format Version 12.00
# Visual Studio 15
VisualStudioVersion = 15.0.26124.0
MinimumVisualStudioVersion = 15.0.26124.0
Project("{FAE04EC0-301F-11D3-BF4B-00C04F79EFBC}") = "Backend", "Backend\Backend.csproj", "{03224CFC-3239-4448-8084-8FF3F741C1C9}"
EndProject
Project("{FAE04EC0-301F-11D3-BF4B-00C04F79EFBC}") = "ConferenceDTO", "ConferenceDTO\ConferenceDTO.csproj", "{C9DAEB80-1C6D-4237-B335-183672BD0A01}"
EndProject
Project("{FAE04EC0-301F-11D3-BF4B-00C04F79EFBC}") = "Frontend", "Frontend\Frontend.csproj", "{8C490CF4-06E0-4311-B765-D8693047C5F5}"
EndProject
Global
	GlobalSection(SolutionConfigurationPlatforms) = preSolution
		Debug|Any CPU = Debug|Any CPU
		Debug|x64 = Debug|x64
		Debug|x86 = Debug|x86
		Release|Any CPU = Release|Any CPU
		Release|x64 = Release|x64
		Release|x86 = Release|x86
	EndGlobalSection
	GlobalSection(SolutionProperties) = preSolution
		HideSolutionNode = FALSE
	EndGlobalSection
	GlobalSection(ProjectConfigurationPlatforms) = postSolution
		{03224CFC-3239-4448-8084-8FF3F741C1C9}.Debug|Any CPU.ActiveCfg = Debug|Any CPU
		{03224CFC-3239-4448-8084-8FF3F741C1C9}.Debug|Any CPU.Build.0 = Debug|Any CPU
		{03224CFC-3239-4448-8084-8FF3F741C1C9}.Debug|x64.ActiveCfg = Debug|x64
		{03224CFC-3239-4448-8084-8FF3F741C1C9}.Debug|x64.Build.0 = Debug|x64
		{03224CFC-3239-4448-8084-8FF3F741C1C9}.Debug|x86.ActiveCfg = Debug|x86
		{03224CFC-3239-4448-8084-8FF3F741C1C9}.Debug|x86.Build.0 = Debug|x86
		{03224CFC-3239-4448-8084-8FF3F741C1C9}.Release|Any CPU.ActiveCfg = Release|Any CPU
		{03224CFC-3239-4448-8084-8FF3F741C1C9}.Release|Any CPU.Build.0 = Release|Any CPU
		{03224CFC-3239-4448-8084-8FF3F741C1C9}.Release|x64.ActiveCfg = Release|x64
		{03224CFC-3239-4448-8084-8FF3F741C1C9}.Release|x64.Build.0 = Release|x64
		{03224CFC-3239-4448-8084-8FF3F741C1C9}.Release|x86.ActiveCfg = Release|x86
		{03224CFC-3239-4448-8084-8FF3F741C1C9}.Release|x86.Build.0 = Release|x86
		{C9DAEB80-1C6D-4237-B335-183672BD0A01}.Debug|Any CPU.ActiveCfg = Debug|Any CPU
		{C9DAEB80-1C6D-4237-B335-183672BD0A01}.Debug|Any CPU.Build.0 = Debug|Any CPU
		{C9DAEB80-1C6D-4237-B335-183672BD0A01}.Debug|x64.ActiveCfg = Debug|x64
		{C9DAEB80-1C6D-4237-B335-183672BD0A01}.Debug|x64.Build.0 = Debug|x64
		{C9DAEB80-1C6D-4237-B335-183672BD0A01}.Debug|x86.ActiveCfg = Debug|x86
		{C9DAEB80-1C6D-4237-B335-183672BD0A01}.Debug|x86.Build.0 = Debug|x86
		{C9DAEB80-1C6D-4237-B335-183672BD0A01}.Release|Any CPU.ActiveCfg = Release|Any CPU
		{C9DAEB80-1C6D-4237-B335-183672BD0A01}.Release|Any CPU.Build.0 = Release|Any CPU
		{C9DAEB80-1C6D-4237-B335-183672BD0A01}.Release|x64.ActiveCfg = Release|x64
		{C9DAEB80-1C6D-4237-B335-183672BD0A01}.Release|x64.Build.0 = Release|x64
		{C9DAEB80-1C6D-4237-B335-183672BD0A01}.Release|x86.ActiveCfg = Release|x86
		{C9DAEB80-1C6D-4237-B335-183672BD0A01}.Release|x86.Build.0 = Release|x86
		{8C490CF4-06E0-4311-B765-D8693047C5F5}.Debug|Any CPU.ActiveCfg = Debug|Any CPU
		{8C490CF4-06E0-4311-B765-D8693047C5F5}.Debug|Any CPU.Build.0 = Debug|Any CPU
		{8C490CF4-06E0-4311-B765-D8693047C5F5}.Debug|x64.ActiveCfg = Debug|x64
		{8C490CF4-06E0-4311-B765-D8693047C5F5}.Debug|x64.Build.0 = Debug|x64
		{8C490CF4-06E0-4311-B765-D8693047C5F5}.Debug|x86.ActiveCfg = Debug|x86
		{8C490CF4-06E0-4311-B765-D8693047C5F5}.Debug|x86.Build.0 = Debug|x86
		{8C490CF4-06E0-4311-B765-D8693047C5F5}.Release|Any CPU.ActiveCfg = Release|Any CPU
		{8C490CF4-06E0-4311-B765-D8693047C5F5}.Release|Any CPU.Build.0 = Release|Any CPU
		{8C490CF4-06E0-4311-B765-D8693047C5F5}.Release|x64.ActiveCfg = Release|x64
		{8C490CF4-06E0-4311-B765-D8693047C5F5}.Release|x64.Build.0 = Release|x64
		{8C490CF4-06E0-4311-B765-D8693047C5F5}.Release|x86.ActiveCfg = Release|x86
		{8C490CF4-06E0-4311-B765-D8693047C5F5}.Release|x86.Build.0 = Release|x86
	EndGlobalSection
EndGlobal
